
Microsoft Visual Studio Solution File, Format Version 12.00
# Visual Studio Version 17
VisualStudioVersion = 17.2.32516.85
MinimumVisualStudioVersion = 10.0.40219.1
Project("{FAE04EC0-301F-11D3-BF4B-00C04F79EFBC}") = "AstrodynamicsDll", "AstrodynamicsDll\AstrodynamicsDll.csproj", "{0792422C-D35D-42BA-9043-633D79D494FE}"
EndProject
Global
	GlobalSection(SolutionConfigurationPlatforms) = preSolution
		Debug|Any CPU = Debug|Any CPU
		Release|Any CPU = Release|Any CPU
	EndGlobalSection
	GlobalSection(ProjectConfigurationPlatforms) = postSolution
		{0792422C-D35D-42BA-9043-633D79D494FE}.Debug|Any CPU.ActiveCfg = Debug|Any CPU
		{0792422C-D35D-42BA-9043-633D79D494FE}.Debug|Any CPU.Build.0 = Debug|Any CPU
		{0792422C-D35D-42BA-9043-633D79D494FE}.Release|Any CPU.ActiveCfg = Release|Any CPU
		{0792422C-D35D-42BA-9043-633D79D494FE}.Release|Any CPU.Build.0 = Release|Any CPU
	EndGlobalSection
	GlobalSection(SolutionProperties) = preSolution
		HideSolutionNode = FALSE
	EndGlobalSection
	GlobalSection(ExtensibilityGlobals) = postSolution
		SolutionGuid = {BC857E3A-3FE8-4134-B346-5FD3BEFB64B4}
	EndGlobalSection
EndGlobal
